// !$*UTF8*$!
{
	archiveVersion = 1;
	classes = {
	};
	objectVersion = 56;
	objects = {

/* Begin PBXBuildFile section */
		67581F102BB97BEB00A531A3 /* NotificationCell.swift in Sources */ = {isa = PBXBuildFile; fileRef = 67581F0F2BB97BEB00A531A3 /* NotificationCell.swift */; };
		67581F122BB980F200A531A3 /* MessageCell.swift in Sources */ = {isa = PBXBuildFile; fileRef = 67581F112BB980F200A531A3 /* MessageCell.swift */; };
		67581F142BB9952C00A531A3 /* TopBar.swift in Sources */ = {isa = PBXBuildFile; fileRef = 67581F132BB9952C00A531A3 /* TopBar.swift */; };
		67581F162BB997AF00A531A3 /* MainView.swift in Sources */ = {isa = PBXBuildFile; fileRef = 67581F152BB997AF00A531A3 /* MainView.swift */; };
		67581F182BB9982F00A531A3 /* SlideMenu.swift in Sources */ = {isa = PBXBuildFile; fileRef = 67581F172BB9982F00A531A3 /* SlideMenu.swift */; };
		67581F1A2BB99A1A00A531A3 /* FollowView.swift in Sources */ = {isa = PBXBuildFile; fileRef = 67581F192BB99A1A00A531A3 /* FollowView.swift */; };
		67581F1E2BB99F5A00A531A3 /* MenuButton.swift in Sources */ = {isa = PBXBuildFile; fileRef = 67581F1D2BB99F5A00A531A3 /* MenuButton.swift */; };
		67581F202BB9C97600A531A3 /* UserProfile.swift in Sources */ = {isa = PBXBuildFile; fileRef = 67581F1F2BB9C97600A531A3 /* UserProfile.swift */; };
		67581F222BB9CBE100A531A3 /* BlurView.swift in Sources */ = {isa = PBXBuildFile; fileRef = 67581F212BB9CBE100A531A3 /* BlurView.swift */; };
		678049172BB7F13E00838216 /* twitter_cloneApp.swift in Sources */ = {isa = PBXBuildFile; fileRef = 678049162BB7F13E00838216 /* twitter_cloneApp.swift */; };
		678049192BB7F13E00838216 /* ContentView.swift in Sources */ = {isa = PBXBuildFile; fileRef = 678049182BB7F13E00838216 /* ContentView.swift */; };
		6780491B2BB7F14300838216 /* Assets.xcassets in Resources */ = {isa = PBXBuildFile; fileRef = 6780491A2BB7F14300838216 /* Assets.xcassets */; };
		6780491F2BB7F14400838216 /* Preview Assets.xcassets in Resources */ = {isa = PBXBuildFile; fileRef = 6780491E2BB7F14400838216 /* Preview Assets.xcassets */; };
		678049292BB7F14400838216 /* twitter_cloneTests.swift in Sources */ = {isa = PBXBuildFile; fileRef = 678049282BB7F14400838216 /* twitter_cloneTests.swift */; };
		678049332BB7F14400838216 /* twitter_cloneUITests.swift in Sources */ = {isa = PBXBuildFile; fileRef = 678049322BB7F14400838216 /* twitter_cloneUITests.swift */; };
		678049352BB7F14400838216 /* twitter_cloneUITestsLaunchTests.swift in Sources */ = {isa = PBXBuildFile; fileRef = 678049342BB7F14400838216 /* twitter_cloneUITestsLaunchTests.swift */; };
		678049502BB7F32800838216 /* Home.swift in Sources */ = {isa = PBXBuildFile; fileRef = 6780494F2BB7F32800838216 /* Home.swift */; };
		678049542BB7F7E500838216 /* Feed.swift in Sources */ = {isa = PBXBuildFile; fileRef = 678049532BB7F7E500838216 /* Feed.swift */; };
		678049592BB7F84A00838216 /* NotificationsView.swift in Sources */ = {isa = PBXBuildFile; fileRef = 678049582BB7F84A00838216 /* NotificationsView.swift */; };
		6780495B2BB7F86600838216 /* MessagesView.swift in Sources */ = {isa = PBXBuildFile; fileRef = 6780495A2BB7F86600838216 /* MessagesView.swift */; };
		6780495D2BB7F9B100838216 /* SearchView.swift in Sources */ = {isa = PBXBuildFile; fileRef = 6780495C2BB7F9B100838216 /* SearchView.swift */; };
		67DA61E02BB8048400DCF5C8 /* CreateTwitView.swift in Sources */ = {isa = PBXBuildFile; fileRef = 67DA61DF2BB8048400DCF5C8 /* CreateTwitView.swift */; };
		67DA61E22BB8070C00DCF5C8 /* MultiLineTextFiled.swift in Sources */ = {isa = PBXBuildFile; fileRef = 67DA61E12BB8070C00DCF5C8 /* MultiLineTextFiled.swift */; };
		67DA61E42BB8151B00DCF5C8 /* TweetCellView.swift in Sources */ = {isa = PBXBuildFile; fileRef = 67DA61E32BB8151B00DCF5C8 /* TweetCellView.swift */; };
		67DA61E62BB94F8300DCF5C8 /* SearchCell.swift in Sources */ = {isa = PBXBuildFile; fileRef = 67DA61E52BB94F8300DCF5C8 /* SearchCell.swift */; };
		67DA61E82BB9533E00DCF5C8 /* SearchBar.swift in Sources */ = {isa = PBXBuildFile; fileRef = 67DA61E72BB9533E00DCF5C8 /* SearchBar.swift */; };
		67DA61EA2BB9588B00DCF5C8 /* SearchUserCell.swift in Sources */ = {isa = PBXBuildFile; fileRef = 67DA61E92BB9588B00DCF5C8 /* SearchUserCell.swift */; };
		67DA61EC2BB95C1900DCF5C8 /* Extensions.swift in Sources */ = {isa = PBXBuildFile; fileRef = 67DA61EB2BB95C1900DCF5C8 /* Extensions.swift */; };
/* End PBXBuildFile section */

/* Begin PBXContainerItemProxy section */
		678049252BB7F14400838216 /* PBXContainerItemProxy */ = {
			isa = PBXContainerItemProxy;
			containerPortal = 6780490B2BB7F13E00838216 /* Project object */;
			proxyType = 1;
			remoteGlobalIDString = 678049122BB7F13E00838216;
			remoteInfo = "twitter-clone";
		};
		6780492F2BB7F14400838216 /* PBXContainerItemProxy */ = {
			isa = PBXContainerItemProxy;
			containerPortal = 6780490B2BB7F13E00838216 /* Project object */;
			proxyType = 1;
			remoteGlobalIDString = 678049122BB7F13E00838216;
			remoteInfo = "twitter-clone";
		};
/* End PBXContainerItemProxy section */

/* Begin PBXFileReference section */
		67581F0F2BB97BEB00A531A3 /* NotificationCell.swift */ = {isa = PBXFileReference; lastKnownFileType = sourcecode.swift; path = NotificationCell.swift; sourceTree = "<group>"; };
		67581F112BB980F200A531A3 /* MessageCell.swift */ = {isa = PBXFileReference; lastKnownFileType = sourcecode.swift; path = MessageCell.swift; sourceTree = "<group>"; };
		67581F132BB9952C00A531A3 /* TopBar.swift */ = {isa = PBXFileReference; lastKnownFileType = sourcecode.swift; path = TopBar.swift; sourceTree = "<group>"; };
		67581F152BB997AF00A531A3 /* MainView.swift */ = {isa = PBXFileReference; lastKnownFileType = sourcecode.swift; path = MainView.swift; sourceTree = "<group>"; };
		67581F172BB9982F00A531A3 /* SlideMenu.swift */ = {isa = PBXFileReference; lastKnownFileType = sourcecode.swift; path = SlideMenu.swift; sourceTree = "<group>"; };
		67581F192BB99A1A00A531A3 /* FollowView.swift */ = {isa = PBXFileReference; lastKnownFileType = sourcecode.swift; path = FollowView.swift; sourceTree = "<group>"; };
		67581F1D2BB99F5A00A531A3 /* MenuButton.swift */ = {isa = PBXFileReference; lastKnownFileType = sourcecode.swift; path = MenuButton.swift; sourceTree = "<group>"; };
		67581F1F2BB9C97600A531A3 /* UserProfile.swift */ = {isa = PBXFileReference; lastKnownFileType = sourcecode.swift; path = UserProfile.swift; sourceTree = "<group>"; };
		67581F212BB9CBE100A531A3 /* BlurView.swift */ = {isa = PBXFileReference; lastKnownFileType = sourcecode.swift; path = BlurView.swift; sourceTree = "<group>"; };
		678049132BB7F13E00838216 /* twitter-clone.app */ = {isa = PBXFileReference; explicitFileType = wrapper.application; includeInIndex = 0; path = "twitter-clone.app"; sourceTree = BUILT_PRODUCTS_DIR; };
		678049162BB7F13E00838216 /* twitter_cloneApp.swift */ = {isa = PBXFileReference; lastKnownFileType = sourcecode.swift; path = twitter_cloneApp.swift; sourceTree = "<group>"; };
		678049182BB7F13E00838216 /* ContentView.swift */ = {isa = PBXFileReference; lastKnownFileType = sourcecode.swift; path = ContentView.swift; sourceTree = "<group>"; };
		6780491A2BB7F14300838216 /* Assets.xcassets */ = {isa = PBXFileReference; lastKnownFileType = folder.assetcatalog; path = Assets.xcassets; sourceTree = "<group>"; };
		6780491C2BB7F14300838216 /* twitter_clone.entitlements */ = {isa = PBXFileReference; lastKnownFileType = text.plist.entitlements; path = twitter_clone.entitlements; sourceTree = "<group>"; };
		6780491E2BB7F14400838216 /* Preview Assets.xcassets */ = {isa = PBXFileReference; lastKnownFileType = folder.assetcatalog; path = "Preview Assets.xcassets"; sourceTree = "<group>"; };
		678049242BB7F14400838216 /* twitter-cloneTests.xctest */ = {isa = PBXFileReference; explicitFileType = wrapper.cfbundle; includeInIndex = 0; path = "twitter-cloneTests.xctest"; sourceTree = BUILT_PRODUCTS_DIR; };
		678049282BB7F14400838216 /* twitter_cloneTests.swift */ = {isa = PBXFileReference; lastKnownFileType = sourcecode.swift; path = twitter_cloneTests.swift; sourceTree = "<group>"; };
		6780492E2BB7F14400838216 /* twitter-cloneUITests.xctest */ = {isa = PBXFileReference; explicitFileType = wrapper.cfbundle; includeInIndex = 0; path = "twitter-cloneUITests.xctest"; sourceTree = BUILT_PRODUCTS_DIR; };
		678049322BB7F14400838216 /* twitter_cloneUITests.swift */ = {isa = PBXFileReference; lastKnownFileType = sourcecode.swift; path = twitter_cloneUITests.swift; sourceTree = "<group>"; };
		678049342BB7F14400838216 /* twitter_cloneUITestsLaunchTests.swift */ = {isa = PBXFileReference; lastKnownFileType = sourcecode.swift; path = twitter_cloneUITestsLaunchTests.swift; sourceTree = "<group>"; };
		6780494F2BB7F32800838216 /* Home.swift */ = {isa = PBXFileReference; lastKnownFileType = sourcecode.swift; path = Home.swift; sourceTree = "<group>"; };
		678049532BB7F7E500838216 /* Feed.swift */ = {isa = PBXFileReference; lastKnownFileType = sourcecode.swift; path = Feed.swift; sourceTree = "<group>"; };
		678049582BB7F84A00838216 /* NotificationsView.swift */ = {isa = PBXFileReference; lastKnownFileType = sourcecode.swift; path = NotificationsView.swift; sourceTree = "<group>"; };
		6780495A2BB7F86600838216 /* MessagesView.swift */ = {isa = PBXFileReference; lastKnownFileType = sourcecode.swift; path = MessagesView.swift; sourceTree = "<group>"; };
		6780495C2BB7F9B100838216 /* SearchView.swift */ = {isa = PBXFileReference; lastKnownFileType = sourcecode.swift; path = SearchView.swift; sourceTree = "<group>"; };
		67DA61DF2BB8048400DCF5C8 /* CreateTwitView.swift */ = {isa = PBXFileReference; lastKnownFileType = sourcecode.swift; path = CreateTwitView.swift; sourceTree = "<group>"; };
		67DA61E12BB8070C00DCF5C8 /* MultiLineTextFiled.swift */ = {isa = PBXFileReference; lastKnownFileType = sourcecode.swift; path = MultiLineTextFiled.swift; sourceTree = "<group>"; };
		67DA61E32BB8151B00DCF5C8 /* TweetCellView.swift */ = {isa = PBXFileReference; lastKnownFileType = sourcecode.swift; path = TweetCellView.swift; sourceTree = "<group>"; };
		67DA61E52BB94F8300DCF5C8 /* SearchCell.swift */ = {isa = PBXFileReference; lastKnownFileType = sourcecode.swift; path = SearchCell.swift; sourceTree = "<group>"; };
		67DA61E72BB9533E00DCF5C8 /* SearchBar.swift */ = {isa = PBXFileReference; lastKnownFileType = sourcecode.swift; path = SearchBar.swift; sourceTree = "<group>"; };
		67DA61E92BB9588B00DCF5C8 /* SearchUserCell.swift */ = {isa = PBXFileReference; lastKnownFileType = sourcecode.swift; path = SearchUserCell.swift; sourceTree = "<group>"; };
		67DA61EB2BB95C1900DCF5C8 /* Extensions.swift */ = {isa = PBXFileReference; lastKnownFileType = sourcecode.swift; path = Extensions.swift; sourceTree = "<group>"; };
/* End PBXFileReference section */

/* Begin PBXFrameworksBuildPhase section */
		678049102BB7F13E00838216 /* Frameworks */ = {
			isa = PBXFrameworksBuildPhase;
			buildActionMask = 2147483647;
			files = (
			);
			runOnlyForDeploymentPostprocessing = 0;
		};
		678049212BB7F14400838216 /* Frameworks */ = {
			isa = PBXFrameworksBuildPhase;
			buildActionMask = 2147483647;
			files = (
			);
			runOnlyForDeploymentPostprocessing = 0;
		};
		6780492B2BB7F14400838216 /* Frameworks */ = {
			isa = PBXFrameworksBuildPhase;
			buildActionMask = 2147483647;
			files = (
			);
			runOnlyForDeploymentPostprocessing = 0;
		};
/* End PBXFrameworksBuildPhase section */

/* Begin PBXGroup section */
		6780490A2BB7F13E00838216 = {
			isa = PBXGroup;
			children = (
				678049152BB7F13E00838216 /* twitter-clone */,
				678049272BB7F14400838216 /* twitter-cloneTests */,
				678049312BB7F14400838216 /* twitter-cloneUITests */,
				678049142BB7F13E00838216 /* Products */,
			);
			sourceTree = "<group>";
		};
		678049142BB7F13E00838216 /* Products */ = {
			isa = PBXGroup;
			children = (
				678049132BB7F13E00838216 /* twitter-clone.app */,
				678049242BB7F14400838216 /* twitter-cloneTests.xctest */,
				6780492E2BB7F14400838216 /* twitter-cloneUITests.xctest */,
			);
			name = Products;
			sourceTree = "<group>";
		};
		678049152BB7F13E00838216 /* twitter-clone */ = {
			isa = PBXGroup;
			children = (
				678049452BB7F26600838216 /* Extensions */,
				678049442BB7F25900838216 /* Services */,
				678049432BB7F24E00838216 /* Model */,
				678049422BB7F23100838216 /* ViewModel */,
				678049412BB7F21000838216 /* View */,
				678049162BB7F13E00838216 /* twitter_cloneApp.swift */,
				678049182BB7F13E00838216 /* ContentView.swift */,
				6780491A2BB7F14300838216 /* Assets.xcassets */,
				6780491C2BB7F14300838216 /* twitter_clone.entitlements */,
				6780491D2BB7F14400838216 /* Preview Content */,
			);
			path = "twitter-clone";
			sourceTree = "<group>";
		};
		6780491D2BB7F14400838216 /* Preview Content */ = {
			isa = PBXGroup;
			children = (
				6780491E2BB7F14400838216 /* Preview Assets.xcassets */,
			);
			path = "Preview Content";
			sourceTree = "<group>";
		};
		678049272BB7F14400838216 /* twitter-cloneTests */ = {
			isa = PBXGroup;
			children = (
				678049282BB7F14400838216 /* twitter_cloneTests.swift */,
			);
			path = "twitter-cloneTests";
			sourceTree = "<group>";
		};
		678049312BB7F14400838216 /* twitter-cloneUITests */ = {
			isa = PBXGroup;
			children = (
				678049322BB7F14400838216 /* twitter_cloneUITests.swift */,
				678049342BB7F14400838216 /* twitter_cloneUITestsLaunchTests.swift */,
			);
			path = "twitter-cloneUITests";
			sourceTree = "<group>";
		};
		678049412BB7F21000838216 /* View */ = {
			isa = PBXGroup;
			children = (
				6780494E2BB7F2F300838216 /* Main */,
				6780494D2BB7F2E900838216 /* Feed */,
				6780494C2BB7F2DD00838216 /* Search */,
				6780494B2BB7F2CC00838216 /* Notifications */,
				6780494A2BB7F2BD00838216 /* Messages */,
				678049492BB7F2A600838216 /* Authentification */,
				678049482BB7F29A00838216 /* Items */,
				678049472BB7F29200838216 /* Post */,
				678049462BB7F28800838216 /* Profile */,
			);
			name = View;
			sourceTree = "<group>";
		};
		678049422BB7F23100838216 /* ViewModel */ = {
			isa = PBXGroup;
			children = (
			);
			name = ViewModel;
			sourceTree = "<group>";
		};
		678049432BB7F24E00838216 /* Model */ = {
			isa = PBXGroup;
			children = (
			);
			path = Model;
			sourceTree = "<group>";
		};
		678049442BB7F25900838216 /* Services */ = {
			isa = PBXGroup;
			children = (
			);
			name = Services;
			sourceTree = "<group>";
		};
		678049452BB7F26600838216 /* Extensions */ = {
			isa = PBXGroup;
			children = (
				67DA61EB2BB95C1900DCF5C8 /* Extensions.swift */,
			);
			path = Extensions;
			sourceTree = "<group>";
		};
		678049462BB7F28800838216 /* Profile */ = {
			isa = PBXGroup;
			children = (
				67581F1F2BB9C97600A531A3 /* UserProfile.swift */,
				67581F212BB9CBE100A531A3 /* BlurView.swift */,
			);
			path = Profile;
			sourceTree = "<group>";
		};
		678049472BB7F29200838216 /* Post */ = {
			isa = PBXGroup;
			children = (
				67DA61DF2BB8048400DCF5C8 /* CreateTwitView.swift */,
			);
			name = Post;
			sourceTree = "<group>";
		};
		678049482BB7F29A00838216 /* Items */ = {
			isa = PBXGroup;
			children = (
				67DA61E12BB8070C00DCF5C8 /* MultiLineTextFiled.swift */,
				67DA61E72BB9533E00DCF5C8 /* SearchBar.swift */,
				67581F192BB99A1A00A531A3 /* FollowView.swift */,
				67581F1D2BB99F5A00A531A3 /* MenuButton.swift */,
			);
			name = Items;
			sourceTree = "<group>";
		};
		678049492BB7F2A600838216 /* Authentification */ = {
			isa = PBXGroup;
			children = (
			);
			path = Authentification;
			sourceTree = "<group>";
		};
		6780494A2BB7F2BD00838216 /* Messages */ = {
			isa = PBXGroup;
			children = (
				6780495A2BB7F86600838216 /* MessagesView.swift */,
				67581F112BB980F200A531A3 /* MessageCell.swift */,
			);
			name = Messages;
			sourceTree = "<group>";
		};
		6780494B2BB7F2CC00838216 /* Notifications */ = {
			isa = PBXGroup;
			children = (
				678049582BB7F84A00838216 /* NotificationsView.swift */,
				67581F0F2BB97BEB00A531A3 /* NotificationCell.swift */,
			);
			path = Notifications;
			sourceTree = "<group>";
		};
		6780494C2BB7F2DD00838216 /* Search */ = {
			isa = PBXGroup;
			children = (
				6780495C2BB7F9B100838216 /* SearchView.swift */,
				67DA61E52BB94F8300DCF5C8 /* SearchCell.swift */,
				67DA61E92BB9588B00DCF5C8 /* SearchUserCell.swift */,
			);
			name = Search;
			sourceTree = "<group>";
		};
		6780494D2BB7F2E900838216 /* Feed */ = {
			isa = PBXGroup;
			children = (
				678049532BB7F7E500838216 /* Feed.swift */,
				67DA61E32BB8151B00DCF5C8 /* TweetCellView.swift */,
			);
			path = Feed;
			sourceTree = "<group>";
		};
		6780494E2BB7F2F300838216 /* Main */ = {
			isa = PBXGroup;
			children = (
				6780494F2BB7F32800838216 /* Home.swift */,
				67581F132BB9952C00A531A3 /* TopBar.swift */,
				67581F152BB997AF00A531A3 /* MainView.swift */,
				67581F172BB9982F00A531A3 /* SlideMenu.swift */,
			);
			name = Main;
			sourceTree = "<group>";
		};
/* End PBXGroup section */

/* Begin PBXNativeTarget section */
		678049122BB7F13E00838216 /* twitter-clone */ = {
			isa = PBXNativeTarget;
			buildConfigurationList = 678049382BB7F14400838216 /* Build configuration list for PBXNativeTarget "twitter-clone" */;
			buildPhases = (
				6780490F2BB7F13E00838216 /* Sources */,
				678049102BB7F13E00838216 /* Frameworks */,
				678049112BB7F13E00838216 /* Resources */,
			);
			buildRules = (
			);
			dependencies = (
			);
			name = "twitter-clone";
			productName = "twitter-clone";
			productReference = 678049132BB7F13E00838216 /* twitter-clone.app */;
			productType = "com.apple.product-type.application";
		};
		678049232BB7F14400838216 /* twitter-cloneTests */ = {
			isa = PBXNativeTarget;
			buildConfigurationList = 6780493B2BB7F14400838216 /* Build configuration list for PBXNativeTarget "twitter-cloneTests" */;
			buildPhases = (
				678049202BB7F14400838216 /* Sources */,
				678049212BB7F14400838216 /* Frameworks */,
				678049222BB7F14400838216 /* Resources */,
			);
			buildRules = (
			);
			dependencies = (
				678049262BB7F14400838216 /* PBXTargetDependency */,
			);
			name = "twitter-cloneTests";
			productName = "twitter-cloneTests";
			productReference = 678049242BB7F14400838216 /* twitter-cloneTests.xctest */;
			productType = "com.apple.product-type.bundle.unit-test";
		};
		6780492D2BB7F14400838216 /* twitter-cloneUITests */ = {
			isa = PBXNativeTarget;
			buildConfigurationList = 6780493E2BB7F14400838216 /* Build configuration list for PBXNativeTarget "twitter-cloneUITests" */;
			buildPhases = (
				6780492A2BB7F14400838216 /* Sources */,
				6780492B2BB7F14400838216 /* Frameworks */,
				6780492C2BB7F14400838216 /* Resources */,
			);
			buildRules = (
			);
			dependencies = (
				678049302BB7F14400838216 /* PBXTargetDependency */,
			);
			name = "twitter-cloneUITests";
			productName = "twitter-cloneUITests";
			productReference = 6780492E2BB7F14400838216 /* twitter-cloneUITests.xctest */;
			productType = "com.apple.product-type.bundle.ui-testing";
		};
/* End PBXNativeTarget section */

/* Begin PBXProject section */
		6780490B2BB7F13E00838216 /* Project object */ = {
			isa = PBXProject;
			attributes = {
				BuildIndependentTargetsInParallel = 1;
				LastSwiftUpdateCheck = 1530;
				LastUpgradeCheck = 1530;
				TargetAttributes = {
					678049122BB7F13E00838216 = {
						CreatedOnToolsVersion = 15.3;
					};
					678049232BB7F14400838216 = {
						CreatedOnToolsVersion = 15.3;
						TestTargetID = 678049122BB7F13E00838216;
					};
					6780492D2BB7F14400838216 = {
						CreatedOnToolsVersion = 15.3;
						TestTargetID = 678049122BB7F13E00838216;
					};
				};
			};
			buildConfigurationList = 6780490E2BB7F13E00838216 /* Build configuration list for PBXProject "twitter-clone" */;
			compatibilityVersion = "Xcode 14.0";
			developmentRegion = en;
			hasScannedForEncodings = 0;
			knownRegions = (
				en,
				Base,
			);
			mainGroup = 6780490A2BB7F13E00838216;
			productRefGroup = 678049142BB7F13E00838216 /* Products */;
			projectDirPath = "";
			projectRoot = "";
			targets = (
				678049122BB7F13E00838216 /* twitter-clone */,
				678049232BB7F14400838216 /* twitter-cloneTests */,
				6780492D2BB7F14400838216 /* twitter-cloneUITests */,
			);
		};
/* End PBXProject section */

/* Begin PBXResourcesBuildPhase section */
		678049112BB7F13E00838216 /* Resources */ = {
			isa = PBXResourcesBuildPhase;
			buildActionMask = 2147483647;
			files = (
				6780491F2BB7F14400838216 /* Preview Assets.xcassets in Resources */,
				6780491B2BB7F14300838216 /* Assets.xcassets in Resources */,
			);
			runOnlyForDeploymentPostprocessing = 0;
		};
		678049222BB7F14400838216 /* Resources */ = {
			isa = PBXResourcesBuildPhase;
			buildActionMask = 2147483647;
			files = (
			);
			runOnlyForDeploymentPostprocessing = 0;
		};
		6780492C2BB7F14400838216 /* Resources */ = {
			isa = PBXResourcesBuildPhase;
			buildActionMask = 2147483647;
			files = (
			);
			runOnlyForDeploymentPostprocessing = 0;
		};
/* End PBXResourcesBuildPhase section */

/* Begin PBXSourcesBuildPhase section */
		6780490F2BB7F13E00838216 /* Sources */ = {
			isa = PBXSourcesBuildPhase;
			buildActionMask = 2147483647;
			files = (
				67DA61E42BB8151B00DCF5C8 /* TweetCellView.swift in Sources */,
				67581F162BB997AF00A531A3 /* MainView.swift in Sources */,
				67581F222BB9CBE100A531A3 /* BlurView.swift in Sources */,
				67581F1E2BB99F5A00A531A3 /* MenuButton.swift in Sources */,
				67581F122BB980F200A531A3 /* MessageCell.swift in Sources */,
				67DA61E62BB94F8300DCF5C8 /* SearchCell.swift in Sources */,
				67DA61E22BB8070C00DCF5C8 /* MultiLineTextFiled.swift in Sources */,
				67581F182BB9982F00A531A3 /* SlideMenu.swift in Sources */,
				678049192BB7F13E00838216 /* ContentView.swift in Sources */,
				67DA61EA2BB9588B00DCF5C8 /* SearchUserCell.swift in Sources */,
				678049542BB7F7E500838216 /* Feed.swift in Sources */,
				67DA61E82BB9533E00DCF5C8 /* SearchBar.swift in Sources */,
				678049502BB7F32800838216 /* Home.swift in Sources */,
				67581F142BB9952C00A531A3 /* TopBar.swift in Sources */,
				6780495D2BB7F9B100838216 /* SearchView.swift in Sources */,
				67581F1A2BB99A1A00A531A3 /* FollowView.swift in Sources */,
				6780495B2BB7F86600838216 /* MessagesView.swift in Sources */,
				67581F202BB9C97600A531A3 /* UserProfile.swift in Sources */,
				678049172BB7F13E00838216 /* twitter_cloneApp.swift in Sources */,
				67DA61E02BB8048400DCF5C8 /* CreateTwitView.swift in Sources */,
				678049592BB7F84A00838216 /* NotificationsView.swift in Sources */,
				67581F102BB97BEB00A531A3 /* NotificationCell.swift in Sources */,
				67DA61EC2BB95C1900DCF5C8 /* Extensions.swift in Sources */,
			);
			runOnlyForDeploymentPostprocessing = 0;
		};
		678049202BB7F14400838216 /* Sources */ = {
			isa = PBXSourcesBuildPhase;
			buildActionMask = 2147483647;
			files = (
				678049292BB7F14400838216 /* twitter_cloneTests.swift in Sources */,
			);
			runOnlyForDeploymentPostprocessing = 0;
		};
		6780492A2BB7F14400838216 /* Sources */ = {
			isa = PBXSourcesBuildPhase;
			buildActionMask = 2147483647;
			files = (
				678049352BB7F14400838216 /* twitter_cloneUITestsLaunchTests.swift in Sources */,
				678049332BB7F14400838216 /* twitter_cloneUITests.swift in Sources */,
			);
			runOnlyForDeploymentPostprocessing = 0;
		};
/* End PBXSourcesBuildPhase section */

/* Begin PBXTargetDependency section */
		678049262BB7F14400838216 /* PBXTargetDependency */ = {
			isa = PBXTargetDependency;
			target = 678049122BB7F13E00838216 /* twitter-clone */;
			targetProxy = 678049252BB7F14400838216 /* PBXContainerItemProxy */;
		};
		678049302BB7F14400838216 /* PBXTargetDependency */ = {
			isa = PBXTargetDependency;
			target = 678049122BB7F13E00838216 /* twitter-clone */;
			targetProxy = 6780492F2BB7F14400838216 /* PBXContainerItemProxy */;
		};
/* End PBXTargetDependency section */

/* Begin XCBuildConfiguration section */
		678049362BB7F14400838216 /* Debug */ = {
			isa = XCBuildConfiguration;
			buildSettings = {
				ALWAYS_SEARCH_USER_PATHS = NO;
				ASSETCATALOG_COMPILER_GENERATE_SWIFT_ASSET_SYMBOL_EXTENSIONS = YES;
				CLANG_ANALYZER_NONNULL = YES;
				CLANG_ANALYZER_NUMBER_OBJECT_CONVERSION = YES_AGGRESSIVE;
				CLANG_CXX_LANGUAGE_STANDARD = "gnu++20";
				CLANG_ENABLE_MODULES = YES;
				CLANG_ENABLE_OBJC_ARC = YES;
				CLANG_ENABLE_OBJC_WEAK = YES;
				CLANG_WARN_BLOCK_CAPTURE_AUTORELEASING = YES;
				CLANG_WARN_BOOL_CONVERSION = YES;
				CLANG_WARN_COMMA = YES;
				CLANG_WARN_CONSTANT_CONVERSION = YES;
				CLANG_WARN_DEPRECATED_OBJC_IMPLEMENTATIONS = YES;
				CLANG_WARN_DIRECT_OBJC_ISA_USAGE = YES_ERROR;
				CLANG_WARN_DOCUMENTATION_COMMENTS = YES;
				CLANG_WARN_EMPTY_BODY = YES;
				CLANG_WARN_ENUM_CONVERSION = YES;
				CLANG_WARN_INFINITE_RECURSION = YES;
				CLANG_WARN_INT_CONVERSION = YES;
				CLANG_WARN_NON_LITERAL_NULL_CONVERSION = YES;
				CLANG_WARN_OBJC_IMPLICIT_RETAIN_SELF = YES;
				CLANG_WARN_OBJC_LITERAL_CONVERSION = YES;
				CLANG_WARN_OBJC_ROOT_CLASS = YES_ERROR;
				CLANG_WARN_QUOTED_INCLUDE_IN_FRAMEWORK_HEADER = YES;
				CLANG_WARN_RANGE_LOOP_ANALYSIS = YES;
				CLANG_WARN_STRICT_PROTOTYPES = YES;
				CLANG_WARN_SUSPICIOUS_MOVE = YES;
				CLANG_WARN_UNGUARDED_AVAILABILITY = YES_AGGRESSIVE;
				CLANG_WARN_UNREACHABLE_CODE = YES;
				CLANG_WARN__DUPLICATE_METHOD_MATCH = YES;
				COPY_PHASE_STRIP = NO;
				DEBUG_INFORMATION_FORMAT = dwarf;
				ENABLE_STRICT_OBJC_MSGSEND = YES;
				ENABLE_TESTABILITY = YES;
				ENABLE_USER_SCRIPT_SANDBOXING = YES;
				GCC_C_LANGUAGE_STANDARD = gnu17;
				GCC_DYNAMIC_NO_PIC = NO;
				GCC_NO_COMMON_BLOCKS = YES;
				GCC_OPTIMIZATION_LEVEL = 0;
				GCC_PREPROCESSOR_DEFINITIONS = (
					"DEBUG=1",
					"$(inherited)",
				);
				GCC_WARN_64_TO_32_BIT_CONVERSION = YES;
				GCC_WARN_ABOUT_RETURN_TYPE = YES_ERROR;
				GCC_WARN_UNDECLARED_SELECTOR = YES;
				GCC_WARN_UNINITIALIZED_AUTOS = YES_AGGRESSIVE;
				GCC_WARN_UNUSED_FUNCTION = YES;
				GCC_WARN_UNUSED_VARIABLE = YES;
				LOCALIZATION_PREFERS_STRING_CATALOGS = YES;
				MTL_ENABLE_DEBUG_INFO = INCLUDE_SOURCE;
				MTL_FAST_MATH = YES;
				ONLY_ACTIVE_ARCH = YES;
				SWIFT_ACTIVE_COMPILATION_CONDITIONS = "DEBUG $(inherited)";
				SWIFT_OPTIMIZATION_LEVEL = "-Onone";
			};
			name = Debug;
		};
		678049372BB7F14400838216 /* Release */ = {
			isa = XCBuildConfiguration;
			buildSettings = {
				ALWAYS_SEARCH_USER_PATHS = NO;
				ASSETCATALOG_COMPILER_GENERATE_SWIFT_ASSET_SYMBOL_EXTENSIONS = YES;
				CLANG_ANALYZER_NONNULL = YES;
				CLANG_ANALYZER_NUMBER_OBJECT_CONVERSION = YES_AGGRESSIVE;
				CLANG_CXX_LANGUAGE_STANDARD = "gnu++20";
				CLANG_ENABLE_MODULES = YES;
				CLANG_ENABLE_OBJC_ARC = YES;
				CLANG_ENABLE_OBJC_WEAK = YES;
				CLANG_WARN_BLOCK_CAPTURE_AUTORELEASING = YES;
				CLANG_WARN_BOOL_CONVERSION = YES;
				CLANG_WARN_COMMA = YES;
				CLANG_WARN_CONSTANT_CONVERSION = YES;
				CLANG_WARN_DEPRECATED_OBJC_IMPLEMENTATIONS = YES;
				CLANG_WARN_DIRECT_OBJC_ISA_USAGE = YES_ERROR;
				CLANG_WARN_DOCUMENTATION_COMMENTS = YES;
				CLANG_WARN_EMPTY_BODY = YES;
				CLANG_WARN_ENUM_CONVERSION = YES;
				CLANG_WARN_INFINITE_RECURSION = YES;
				CLANG_WARN_INT_CONVERSION = YES;
				CLANG_WARN_NON_LITERAL_NULL_CONVERSION = YES;
				CLANG_WARN_OBJC_IMPLICIT_RETAIN_SELF = YES;
				CLANG_WARN_OBJC_LITERAL_CONVERSION = YES;
				CLANG_WARN_OBJC_ROOT_CLASS = YES_ERROR;
				CLANG_WARN_QUOTED_INCLUDE_IN_FRAMEWORK_HEADER = YES;
				CLANG_WARN_RANGE_LOOP_ANALYSIS = YES;
				CLANG_WARN_STRICT_PROTOTYPES = YES;
				CLANG_WARN_SUSPICIOUS_MOVE = YES;
				CLANG_WARN_UNGUARDED_AVAILABILITY = YES_AGGRESSIVE;
				CLANG_WARN_UNREACHABLE_CODE = YES;
				CLANG_WARN__DUPLICATE_METHOD_MATCH = YES;
				COPY_PHASE_STRIP = NO;
				DEBUG_INFORMATION_FORMAT = "dwarf-with-dsym";
				ENABLE_NS_ASSERTIONS = NO;
				ENABLE_STRICT_OBJC_MSGSEND = YES;
				ENABLE_USER_SCRIPT_SANDBOXING = YES;
				GCC_C_LANGUAGE_STANDARD = gnu17;
				GCC_NO_COMMON_BLOCKS = YES;
				GCC_WARN_64_TO_32_BIT_CONVERSION = YES;
				GCC_WARN_ABOUT_RETURN_TYPE = YES_ERROR;
				GCC_WARN_UNDECLARED_SELECTOR = YES;
				GCC_WARN_UNINITIALIZED_AUTOS = YES_AGGRESSIVE;
				GCC_WARN_UNUSED_FUNCTION = YES;
				GCC_WARN_UNUSED_VARIABLE = YES;
				LOCALIZATION_PREFERS_STRING_CATALOGS = YES;
				MTL_ENABLE_DEBUG_INFO = NO;
				MTL_FAST_MATH = YES;
				SWIFT_COMPILATION_MODE = wholemodule;
			};
			name = Release;
		};
		678049392BB7F14400838216 /* Debug */ = {
			isa = XCBuildConfiguration;
			buildSettings = {
				ASSETCATALOG_COMPILER_APPICON_NAME = AppIcon;
				ASSETCATALOG_COMPILER_GLOBAL_ACCENT_COLOR_NAME = AccentColor;
				CODE_SIGN_ENTITLEMENTS = "twitter-clone/twitter_clone.entitlements";
				CODE_SIGN_STYLE = Automatic;
				CURRENT_PROJECT_VERSION = 1;
				DEVELOPMENT_ASSET_PATHS = "\"twitter-clone/Preview Content\"";
				DEVELOPMENT_TEAM = 89L8NAA624;
				ENABLE_HARDENED_RUNTIME = YES;
				ENABLE_PREVIEWS = YES;
				GENERATE_INFOPLIST_FILE = YES;
				"INFOPLIST_KEY_UIApplicationSceneManifest_Generation[sdk=iphoneos*]" = YES;
				"INFOPLIST_KEY_UIApplicationSceneManifest_Generation[sdk=iphonesimulator*]" = YES;
				"INFOPLIST_KEY_UIApplicationSupportsIndirectInputEvents[sdk=iphoneos*]" = YES;
				"INFOPLIST_KEY_UIApplicationSupportsIndirectInputEvents[sdk=iphonesimulator*]" = YES;
				"INFOPLIST_KEY_UILaunchScreen_Generation[sdk=iphoneos*]" = YES;
				"INFOPLIST_KEY_UILaunchScreen_Generation[sdk=iphonesimulator*]" = YES;
				"INFOPLIST_KEY_UIStatusBarStyle[sdk=iphoneos*]" = UIStatusBarStyleDefault;
				"INFOPLIST_KEY_UIStatusBarStyle[sdk=iphonesimulator*]" = UIStatusBarStyleDefault;
				INFOPLIST_KEY_UISupportedInterfaceOrientations_iPad = "UIInterfaceOrientationPortrait UIInterfaceOrientationPortraitUpsideDown UIInterfaceOrientationLandscapeLeft UIInterfaceOrientationLandscapeRight";
				INFOPLIST_KEY_UISupportedInterfaceOrientations_iPhone = "UIInterfaceOrientationPortrait UIInterfaceOrientationLandscapeLeft UIInterfaceOrientationLandscapeRight";
				IPHONEOS_DEPLOYMENT_TARGET = 17.4;
				LD_RUNPATH_SEARCH_PATHS = "@executable_path/Frameworks";
				"LD_RUNPATH_SEARCH_PATHS[sdk=macosx*]" = "@executable_path/../Frameworks";
				MACOSX_DEPLOYMENT_TARGET = 14.1;
				MARKETING_VERSION = 1.0;
				PRODUCT_BUNDLE_IDENTIFIER = "twitterclone.twitter-clone";
				PRODUCT_NAME = "$(TARGET_NAME)";
				SDKROOT = auto;
				SUPPORTED_PLATFORMS = "iphoneos iphonesimulator macosx";
				SWIFT_EMIT_LOC_STRINGS = YES;
				SWIFT_VERSION = 5.0;
				TARGETED_DEVICE_FAMILY = "1,2";
			};
			name = Debug;
		};
		6780493A2BB7F14400838216 /* Release */ = {
			isa = XCBuildConfiguration;
			buildSettings = {
				ASSETCATALOG_COMPILER_APPICON_NAME = AppIcon;
				ASSETCATALOG_COMPILER_GLOBAL_ACCENT_COLOR_NAME = AccentColor;
				CODE_SIGN_ENTITLEMENTS = "twitter-clone/twitter_clone.entitlements";
				CODE_SIGN_STYLE = Automatic;
				CURRENT_PROJECT_VERSION = 1;
				DEVELOPMENT_ASSET_PATHS = "\"twitter-clone/Preview Content\"";
				DEVELOPMENT_TEAM = 89L8NAA624;
				ENABLE_HARDENED_RUNTIME = YES;
				ENABLE_PREVIEWS = YES;
				GENERATE_INFOPLIST_FILE = YES;
				"INFOPLIST_KEY_UIApplicationSceneManifest_Generation[sdk=iphoneos*]" = YES;
				"INFOPLIST_KEY_UIApplicationSceneManifest_Generation[sdk=iphonesimulator*]" = YES;
				"INFOPLIST_KEY_UIApplicationSupportsIndirectInputEvents[sdk=iphoneos*]" = YES;
				"INFOPLIST_KEY_UIApplicationSupportsIndirectInputEvents[sdk=iphonesimulator*]" = YES;
				"INFOPLIST_KEY_UILaunchScreen_Generation[sdk=iphoneos*]" = YES;
				"INFOPLIST_KEY_UILaunchScreen_Generation[sdk=iphonesimulator*]" = YES;
				"INFOPLIST_KEY_UIStatusBarStyle[sdk=iphoneos*]" = UIStatusBarStyleDefault;
				"INFOPLIST_KEY_UIStatusBarStyle[sdk=iphonesimulator*]" = UIStatusBarStyleDefault;
				INFOPLIST_KEY_UISupportedInterfaceOrientations_iPad = "UIInterfaceOrientationPortrait UIInterfaceOrientationPortraitUpsideDown UIInterfaceOrientationLandscapeLeft UIInterfaceOrientationLandscapeRight";
				INFOPLIST_KEY_UISupportedInterfaceOrientations_iPhone = "UIInterfaceOrientationPortrait UIInterfaceOrientationLandscapeLeft UIInterfaceOrientationLandscapeRight";
				IPHONEOS_DEPLOYMENT_TARGET = 17.4;
				LD_RUNPATH_SEARCH_PATHS = "@executable_path/Frameworks";
				"LD_RUNPATH_SEARCH_PATHS[sdk=macosx*]" = "@executable_path/../Frameworks";
				MACOSX_DEPLOYMENT_TARGET = 14.1;
				MARKETING_VERSION = 1.0;
				PRODUCT_BUNDLE_IDENTIFIER = "twitterclone.twitter-clone";
				PRODUCT_NAME = "$(TARGET_NAME)";
				SDKROOT = auto;
				SUPPORTED_PLATFORMS = "iphoneos iphonesimulator macosx";
				SWIFT_EMIT_LOC_STRINGS = YES;
				SWIFT_VERSION = 5.0;
				TARGETED_DEVICE_FAMILY = "1,2";
			};
			name = Release;
		};
		6780493C2BB7F14400838216 /* Debug */ = {
			isa = XCBuildConfiguration;
			buildSettings = {
				ALWAYS_EMBED_SWIFT_STANDARD_LIBRARIES = YES;
				BUNDLE_LOADER = "$(TEST_HOST)";
				CODE_SIGN_STYLE = Automatic;
				CURRENT_PROJECT_VERSION = 1;
				DEVELOPMENT_TEAM = 89L8NAA624;
				GENERATE_INFOPLIST_FILE = YES;
				IPHONEOS_DEPLOYMENT_TARGET = 17.4;
				MACOSX_DEPLOYMENT_TARGET = 14.1;
				MARKETING_VERSION = 1.0;
				PRODUCT_BUNDLE_IDENTIFIER = "twitterclone.twitter-cloneTests";
				PRODUCT_NAME = "$(TARGET_NAME)";
				SDKROOT = auto;
				SUPPORTED_PLATFORMS = "iphoneos iphonesimulator macosx";
				SWIFT_EMIT_LOC_STRINGS = NO;
				SWIFT_VERSION = 5.0;
				TARGETED_DEVICE_FAMILY = "1,2";
				TEST_HOST = "$(BUILT_PRODUCTS_DIR)/twitter-clone.app/$(BUNDLE_EXECUTABLE_FOLDER_PATH)/twitter-clone";
			};
			name = Debug;
		};
		6780493D2BB7F14400838216 /* Release */ = {
			isa = XCBuildConfiguration;
			buildSettings = {
				ALWAYS_EMBED_SWIFT_STANDARD_LIBRARIES = YES;
				BUNDLE_LOADER = "$(TEST_HOST)";
				CODE_SIGN_STYLE = Automatic;
				CURRENT_PROJECT_VERSION = 1;
				DEVELOPMENT_TEAM = 89L8NAA624;
				GENERATE_INFOPLIST_FILE = YES;
				IPHONEOS_DEPLOYMENT_TARGET = 17.4;
				MACOSX_DEPLOYMENT_TARGET = 14.1;
				MARKETING_VERSION = 1.0;
				PRODUCT_BUNDLE_IDENTIFIER = "twitterclone.twitter-cloneTests";
				PRODUCT_NAME = "$(TARGET_NAME)";
				SDKROOT = auto;
				SUPPORTED_PLATFORMS = "iphoneos iphonesimulator macosx";
				SWIFT_EMIT_LOC_STRINGS = NO;
				SWIFT_VERSION = 5.0;
				TARGETED_DEVICE_FAMILY = "1,2";
				TEST_HOST = "$(BUILT_PRODUCTS_DIR)/twitter-clone.app/$(BUNDLE_EXECUTABLE_FOLDER_PATH)/twitter-clone";
			};
			name = Release;
		};
		6780493F2BB7F14400838216 /* Debug */ = {
			isa = XCBuildConfiguration;
			buildSettings = {
				ALWAYS_EMBED_SWIFT_STANDARD_LIBRARIES = YES;
				CODE_SIGN_STYLE = Automatic;
				CURRENT_PROJECT_VERSION = 1;
				DEVELOPMENT_TEAM = 89L8NAA624;
				GENERATE_INFOPLIST_FILE = YES;
				IPHONEOS_DEPLOYMENT_TARGET = 17.4;
				MACOSX_DEPLOYMENT_TARGET = 14.1;
				MARKETING_VERSION = 1.0;
				PRODUCT_BUNDLE_IDENTIFIER = "twitterclone.twitter-cloneUITests";
				PRODUCT_NAME = "$(TARGET_NAME)";
				SDKROOT = auto;
				SUPPORTED_PLATFORMS = "iphoneos iphonesimulator macosx";
				SWIFT_EMIT_LOC_STRINGS = NO;
				SWIFT_VERSION = 5.0;
				TARGETED_DEVICE_FAMILY = "1,2";
				TEST_TARGET_NAME = "twitter-clone";
			};
			name = Debug;
		};
		678049402BB7F14400838216 /* Release */ = {
			isa = XCBuildConfiguration;
			buildSettings = {
				ALWAYS_EMBED_SWIFT_STANDARD_LIBRARIES = YES;
				CODE_SIGN_STYLE = Automatic;
				CURRENT_PROJECT_VERSION = 1;
				DEVELOPMENT_TEAM = 89L8NAA624;
				GENERATE_INFOPLIST_FILE = YES;
				IPHONEOS_DEPLOYMENT_TARGET = 17.4;
				MACOSX_DEPLOYMENT_TARGET = 14.1;
				MARKETING_VERSION = 1.0;
				PRODUCT_BUNDLE_IDENTIFIER = "twitterclone.twitter-cloneUITests";
				PRODUCT_NAME = "$(TARGET_NAME)";
				SDKROOT = auto;
				SUPPORTED_PLATFORMS = "iphoneos iphonesimulator macosx";
				SWIFT_EMIT_LOC_STRINGS = NO;
				SWIFT_VERSION = 5.0;
				TARGETED_DEVICE_FAMILY = "1,2";
				TEST_TARGET_NAME = "twitter-clone";
			};
			name = Release;
		};
/* End XCBuildConfiguration section */

/* Begin XCConfigurationList section */
		6780490E2BB7F13E00838216 /* Build configuration list for PBXProject "twitter-clone" */ = {
			isa = XCConfigurationList;
			buildConfigurations = (
				678049362BB7F14400838216 /* Debug */,
				678049372BB7F14400838216 /* Release */,
			);
			defaultConfigurationIsVisible = 0;
			defaultConfigurationName = Release;
		};
		678049382BB7F14400838216 /* Build configuration list for PBXNativeTarget "twitter-clone" */ = {
			isa = XCConfigurationList;
			buildConfigurations = (
				678049392BB7F14400838216 /* Debug */,
				6780493A2BB7F14400838216 /* Release */,
			);
			defaultConfigurationIsVisible = 0;
			defaultConfigurationName = Release;
		};
		6780493B2BB7F14400838216 /* Build configuration list for PBXNativeTarget "twitter-cloneTests" */ = {
			isa = XCConfigurationList;
			buildConfigurations = (
				6780493C2BB7F14400838216 /* Debug */,
				6780493D2BB7F14400838216 /* Release */,
			);
			defaultConfigurationIsVisible = 0;
			defaultConfigurationName = Release;
		};
		6780493E2BB7F14400838216 /* Build configuration list for PBXNativeTarget "twitter-cloneUITests" */ = {
			isa = XCConfigurationList;
			buildConfigurations = (
				6780493F2BB7F14400838216 /* Debug */,
				678049402BB7F14400838216 /* Release */,
			);
			defaultConfigurationIsVisible = 0;
			defaultConfigurationName = Release;
		};
/* End XCConfigurationList section */
	};
	rootObject = 6780490B2BB7F13E00838216 /* Project object */;
}
